
Microsoft Visual Studio Solution File, Format Version 12.00
# Visual Studio Version 16
VisualStudioVersion = 16.0.31624.102
MinimumVisualStudioVersion = 10.0.40219.1
Project("{FAE04EC0-301F-11D3-BF4B-00C04F79EFBC}") = "Datos", "Datos\Datos.csproj", "{126D6BE1-6FD3-4F2E-9652-1CE494983A70}"
EndProject
Project("{FAE04EC0-301F-11D3-BF4B-00C04F79EFBC}") = "Entidades", "Entidades\Entidades.csproj", "{536B6D43-BF90-4C4A-9672-001F0CF9AD61}"
EndProject
Project("{FAE04EC0-301F-11D3-BF4B-00C04F79EFBC}") = "Negocios", "Negocios\Negocios.csproj", "{43ED2C34-3B29-44A4-87BA-1236E8AC69AF}"
EndProject
Project("{FAE04EC0-301F-11D3-BF4B-00C04F79EFBC}") = "Presentacion", "Presentacion\Presentacion.csproj", "{76B0745F-13EA-4BE3-AB86-040681B8D585}"
EndProject
Global
	GlobalSection(SolutionConfigurationPlatforms) = preSolution
		Debug|Any CPU = Debug|Any CPU
		Release|Any CPU = Release|Any CPU
	EndGlobalSection
	GlobalSection(ProjectConfigurationPlatforms) = postSolution
		{126D6BE1-6FD3-4F2E-9652-1CE494983A70}.Debug|Any CPU.ActiveCfg = Debug|Any CPU
		{126D6BE1-6FD3-4F2E-9652-1CE494983A70}.Debug|Any CPU.Build.0 = Debug|Any CPU
		{126D6BE1-6FD3-4F2E-9652-1CE494983A70}.Release|Any CPU.ActiveCfg = Release|Any CPU
		{126D6BE1-6FD3-4F2E-9652-1CE494983A70}.Release|Any CPU.Build.0 = Release|Any CPU
		{536B6D43-BF90-4C4A-9672-001F0CF9AD61}.Debug|Any CPU.ActiveCfg = Debug|Any CPU
		{536B6D43-BF90-4C4A-9672-001F0CF9AD61}.Debug|Any CPU.Build.0 = Debug|Any CPU
		{536B6D43-BF90-4C4A-9672-001F0CF9AD61}.Release|Any CPU.ActiveCfg = Release|Any CPU
		{536B6D43-BF90-4C4A-9672-001F0CF9AD61}.Release|Any CPU.Build.0 = Release|Any CPU
		{43ED2C34-3B29-44A4-87BA-1236E8AC69AF}.Debug|Any CPU.ActiveCfg = Debug|Any CPU
		{43ED2C34-3B29-44A4-87BA-1236E8AC69AF}.Debug|Any CPU.Build.0 = Debug|Any CPU
		{43ED2C34-3B29-44A4-87BA-1236E8AC69AF}.Release|Any CPU.ActiveCfg = Release|Any CPU
		{43ED2C34-3B29-44A4-87BA-1236E8AC69AF}.Release|Any CPU.Build.0 = Release|Any CPU
		{76B0745F-13EA-4BE3-AB86-040681B8D585}.Debug|Any CPU.ActiveCfg = Debug|Any CPU
		{76B0745F-13EA-4BE3-AB86-040681B8D585}.Debug|Any CPU.Build.0 = Debug|Any CPU
		{76B0745F-13EA-4BE3-AB86-040681B8D585}.Release|Any CPU.ActiveCfg = Release|Any CPU
		{76B0745F-13EA-4BE3-AB86-040681B8D585}.Release|Any CPU.Build.0 = Release|Any CPU
	EndGlobalSection
	GlobalSection(SolutionProperties) = preSolution
		HideSolutionNode = FALSE
	EndGlobalSection
	GlobalSection(ExtensibilityGlobals) = postSolution
		SolutionGuid = {82311190-420E-40BE-ADDD-859F1DF55202}
	EndGlobalSection
EndGlobal
